
Microsoft Visual Studio Solution File, Format Version 12.00
# Visual Studio Version 17
VisualStudioVersion = 17.0.31903.59
MinimumVisualStudioVersion = 10.0.40219.1
Project("{FAE04EC0-301F-11D3-BF4B-00C04F79EFBC}") = "NewMCP", "NewMCP\NewMCP.csproj", "{C9088FAD-72E5-44DC-9219-70DD44516D2F}"
EndProject
Project("{FAE04EC0-301F-11D3-BF4B-00C04F79EFBC}") = "NewMCP.Tests", "NewMCP.Tests\NewMCP.Tests.csproj", "{2C3C1FDE-4E36-4942-BC09-BB7029DCEC58}"
EndProject
Global
	GlobalSection(SolutionConfigurationPlatforms) = preSolution
		Debug|Any CPU = Debug|Any CPU
		Debug|x64 = Debug|x64
		Debug|x86 = Debug|x86
		Release|Any CPU = Release|Any CPU
		Release|x64 = Release|x64
		Release|x86 = Release|x86
	EndGlobalSection
	GlobalSection(ProjectConfigurationPlatforms) = postSolution
		{C9088FAD-72E5-44DC-9219-70DD44516D2F}.Debug|Any CPU.ActiveCfg = Debug|Any CPU
		{C9088FAD-72E5-44DC-9219-70DD44516D2F}.Debug|Any CPU.Build.0 = Debug|Any CPU
		{C9088FAD-72E5-44DC-9219-70DD44516D2F}.Debug|x64.ActiveCfg = Debug|Any CPU
		{C9088FAD-72E5-44DC-9219-70DD44516D2F}.Debug|x64.Build.0 = Debug|Any CPU
		{C9088FAD-72E5-44DC-9219-70DD44516D2F}.Debug|x86.ActiveCfg = Debug|Any CPU
		{C9088FAD-72E5-44DC-9219-70DD44516D2F}.Debug|x86.Build.0 = Debug|Any CPU
		{C9088FAD-72E5-44DC-9219-70DD44516D2F}.Release|Any CPU.ActiveCfg = Release|Any CPU
		{C9088FAD-72E5-44DC-9219-70DD44516D2F}.Release|Any CPU.Build.0 = Release|Any CPU
		{C9088FAD-72E5-44DC-9219-70DD44516D2F}.Release|x64.ActiveCfg = Release|Any CPU
		{C9088FAD-72E5-44DC-9219-70DD44516D2F}.Release|x64.Build.0 = Release|Any CPU
		{C9088FAD-72E5-44DC-9219-70DD44516D2F}.Release|x86.ActiveCfg = Release|Any CPU
		{C9088FAD-72E5-44DC-9219-70DD44516D2F}.Release|x86.Build.0 = Release|Any CPU
		{2C3C1FDE-4E36-4942-BC09-BB7029DCEC58}.Debug|Any CPU.ActiveCfg = Debug|Any CPU
		{2C3C1FDE-4E36-4942-BC09-BB7029DCEC58}.Debug|Any CPU.Build.0 = Debug|Any CPU
		{2C3C1FDE-4E36-4942-BC09-BB7029DCEC58}.Debug|x64.ActiveCfg = Debug|Any CPU
		{2C3C1FDE-4E36-4942-BC09-BB7029DCEC58}.Debug|x64.Build.0 = Debug|Any CPU
		{2C3C1FDE-4E36-4942-BC09-BB7029DCEC58}.Debug|x86.ActiveCfg = Debug|Any CPU
		{2C3C1FDE-4E36-4942-BC09-BB7029DCEC58}.Debug|x86.Build.0 = Debug|Any CPU
		{2C3C1FDE-4E36-4942-BC09-BB7029DCEC58}.Release|Any CPU.ActiveCfg = Release|Any CPU
		{2C3C1FDE-4E36-4942-BC09-BB7029DCEC58}.Release|Any CPU.Build.0 = Release|Any CPU
		{2C3C1FDE-4E36-4942-BC09-BB7029DCEC58}.Release|x64.ActiveCfg = Release|Any CPU
		{2C3C1FDE-4E36-4942-BC09-BB7029DCEC58}.Release|x64.Build.0 = Release|Any CPU
		{2C3C1FDE-4E36-4942-BC09-BB7029DCEC58}.Release|x86.ActiveCfg = Release|Any CPU
		{2C3C1FDE-4E36-4942-BC09-BB7029DCEC58}.Release|x86.Build.0 = Release|Any CPU
	EndGlobalSection
	GlobalSection(SolutionProperties) = preSolution
		HideSolutionNode = FALSE
	EndGlobalSection
EndGlobal
